// !$*UTF8*$!
{
	archiveVersion = 1;
	classes = {
	};
	objectVersion = 46;
	objects = {

/* Begin PBXBuildFile section */
		01D26ACE065065C701F8A3F1 /* Pods_Unifai.framework in Frameworks */ = {isa = PBXBuildFile; fileRef = 6F2C595C8687C920B4DB1A2A /* Pods_Unifai.framework */; };
		B30663F51CCF9D2E00F3CC92 /* FeedViewController.swift in Sources */ = {isa = PBXBuildFile; fileRef = B30663F41CCF9D2E00F3CC92 /* FeedViewController.swift */; };
		B307437C1D2C4E7300A9CD0E /* CatalogViewController.swift in Sources */ = {isa = PBXBuildFile; fileRef = B307437B1D2C4E7300A9CD0E /* CatalogViewController.swift */; };
		B307437F1D2C4EFE00A9CD0E /* CatalogCell.swift in Sources */ = {isa = PBXBuildFile; fileRef = B307437D1D2C4EFE00A9CD0E /* CatalogCell.swift */; };
		B30743801D2C4EFE00A9CD0E /* CatalogCell.xib in Resources */ = {isa = PBXBuildFile; fileRef = B307437E1D2C4EFE00A9CD0E /* CatalogCell.xib */; };
		B30743831D2C592400A9CD0E /* CatalogItemCell.swift in Sources */ = {isa = PBXBuildFile; fileRef = B30743811D2C592400A9CD0E /* CatalogItemCell.swift */; };
		B30743841D2C592400A9CD0E /* CatalogItemCell.xib in Resources */ = {isa = PBXBuildFile; fileRef = B30743821D2C592400A9CD0E /* CatalogItemCell.xib */; };
		B31BD92B1CFF33CC001B3875 /* FontAwesome.otf in Resources */ = {isa = PBXBuildFile; fileRef = B31BD92A1CFF33CC001B3875 /* FontAwesome.otf */; };
		B31BD92D1CFF93E4001B3875 /* LoginButton.swift in Sources */ = {isa = PBXBuildFile; fileRef = B31BD92C1CFF93E4001B3875 /* LoginButton.swift */; };
		B31BD92F1CFF93EF001B3875 /* LoginButton.xib in Resources */ = {isa = PBXBuildFile; fileRef = B31BD92E1CFF93EF001B3875 /* LoginButton.xib */; };
		B31BD9321D003EC4001B3875 /* AuthViewController.swift in Sources */ = {isa = PBXBuildFile; fileRef = B31BD9301D003EC4001B3875 /* AuthViewController.swift */; };
		B31BD9331D003EC4001B3875 /* AuthViewController.xib in Resources */ = {isa = PBXBuildFile; fileRef = B31BD9311D003EC4001B3875 /* AuthViewController.xib */; };
		B32BDC9B1CFB9D2800C18AFE /* DashboardViewController.swift in Sources */ = {isa = PBXBuildFile; fileRef = B32BDC9A1CFB9D2800C18AFE /* DashboardViewController.swift */; };
		B32BDC9D1CFBA17900C18AFE /* DashboardEditorViewController.swift in Sources */ = {isa = PBXBuildFile; fileRef = B32BDC9C1CFBA17900C18AFE /* DashboardEditorViewController.swift */; };
		B335AC1E1CD0ACC100B85781 /* Utils.swift in Sources */ = {isa = PBXBuildFile; fileRef = B335AC1D1CD0ACC100B85781 /* Utils.swift */; };
		B335AC211CD0EF8B00B85781 /* ComposeTextField.swift in Sources */ = {isa = PBXBuildFile; fileRef = B335AC201CD0EF8B00B85781 /* ComposeTextField.swift */; };
		B335AC231CD0F3B400B85781 /* ComposeBackground.swift in Sources */ = {isa = PBXBuildFile; fileRef = B335AC221CD0F3B400B85781 /* ComposeBackground.swift */; };
		B335AC251CD0F4A000B85781 /* ComposeViewController.swift in Sources */ = {isa = PBXBuildFile; fileRef = B335AC241CD0F4A000B85781 /* ComposeViewController.swift */; };
		B335AC271CD1127C00B85781 /* ServiceProfileViewcontroller.swift in Sources */ = {isa = PBXBuildFile; fileRef = B335AC261CD1127C00B85781 /* ServiceProfileViewcontroller.swift */; };
		B335AC291CD177C400B85781 /* ProfileViewController.swift in Sources */ = {isa = PBXBuildFile; fileRef = B335AC281CD177C400B85781 /* ProfileViewController.swift */; };
		B335AC2B1CD3336F00B85781 /* TablePayloadView.swift in Sources */ = {isa = PBXBuildFile; fileRef = B335AC2A1CD3336F00B85781 /* TablePayloadView.swift */; };
		B350B9251D381B3A00FADBB6 /* ActionPickerViewController.swift in Sources */ = {isa = PBXBuildFile; fileRef = B350B9231D381B3A00FADBB6 /* ActionPickerViewController.swift */; };
		B350B9261D381B3A00FADBB6 /* ActionPickerViewController.xib in Resources */ = {isa = PBXBuildFile; fileRef = B350B9241D381B3A00FADBB6 /* ActionPickerViewController.xib */; };
		B35598751D37F5F7002F4C59 /* ActionRunnerPage.xib in Resources */ = {isa = PBXBuildFile; fileRef = B35598741D37F5F7002F4C59 /* ActionRunnerPage.xib */; };
		B35598771D37F626002F4C59 /* ActionRunnerPage.swift in Sources */ = {isa = PBXBuildFile; fileRef = B35598761D37F626002F4C59 /* ActionRunnerPage.swift */; };
		B363CF851CCEEBB300B6182D /* AppDelegate.swift in Sources */ = {isa = PBXBuildFile; fileRef = B363CF841CCEEBB300B6182D /* AppDelegate.swift */; };
		B363CF8C1CCEEBB300B6182D /* Main.storyboard in Resources */ = {isa = PBXBuildFile; fileRef = B363CF8A1CCEEBB300B6182D /* Main.storyboard */; };
		B363CF8E1CCEEBB300B6182D /* Assets.xcassets in Resources */ = {isa = PBXBuildFile; fileRef = B363CF8D1CCEEBB300B6182D /* Assets.xcassets */; };
		B363CF911CCEEBB300B6182D /* LaunchScreen.storyboard in Resources */ = {isa = PBXBuildFile; fileRef = B363CF8F1CCEEBB300B6182D /* LaunchScreen.storyboard */; };
		B363CF9C1CCEEBB300B6182D /* UnifaiTests.swift in Sources */ = {isa = PBXBuildFile; fileRef = B363CF9B1CCEEBB300B6182D /* UnifaiTests.swift */; };
		B363CFA71CCEEBB300B6182D /* UnifaiUITests.swift in Sources */ = {isa = PBXBuildFile; fileRef = B363CFA61CCEEBB300B6182D /* UnifaiUITests.swift */; };
		B363CFB51CCEECA600B6182D /* Podfile in Resources */ = {isa = PBXBuildFile; fileRef = B363CFB41CCEECA600B6182D /* Podfile */; };
		B363CFBA1CCEF32A00B6182D /* Message.swift in Sources */ = {isa = PBXBuildFile; fileRef = B363CFB91CCEF32A00B6182D /* Message.swift */; };
		B363CFBC1CCEF49800B6182D /* Payload.swift in Sources */ = {isa = PBXBuildFile; fileRef = B363CFBB1CCEF49800B6182D /* Payload.swift */; };
		B363CFBE1CCEF52600B6182D /* Service.swift in Sources */ = {isa = PBXBuildFile; fileRef = B363CFBD1CCEF52600B6182D /* Service.swift */; };
		B363CFC01CCEF74100B6182D /* Core.swift in Sources */ = {isa = PBXBuildFile; fileRef = B363CFBF1CCEF74100B6182D /* Core.swift */; };
		B363CFC21CCEF78E00B6182D /* ThreadViewController.swift in Sources */ = {isa = PBXBuildFile; fileRef = B363CFC11CCEF78E00B6182D /* ThreadViewController.swift */; };
		B363CFC61CCEF9A800B6182D /* MessageCell.swift in Sources */ = {isa = PBXBuildFile; fileRef = B363CFC51CCEF9A800B6182D /* MessageCell.swift */; };
		B363CFC81CCEF9BB00B6182D /* MessageCell.xib in Resources */ = {isa = PBXBuildFile; fileRef = B363CFC71CCEF9BB00B6182D /* MessageCell.xib */; };
		B363CFCA1CCF090700B6182D /* Constants.swift in Sources */ = {isa = PBXBuildFile; fileRef = B363CFC91CCF090700B6182D /* Constants.swift */; };
		B363CFCC1CCF205700B6182D /* Unifai.swift in Sources */ = {isa = PBXBuildFile; fileRef = B363CFCB1CCF205700B6182D /* Unifai.swift */; };
		B363CFD01CCF4D9600B6182D /* MainNavigationController.swift in Sources */ = {isa = PBXBuildFile; fileRef = B363CFCF1CCF4D9600B6182D /* MainNavigationController.swift */; };
		B363CFD21CCF502A00B6182D /* LoginViewController.swift in Sources */ = {isa = PBXBuildFile; fileRef = B363CFD11CCF502A00B6182D /* LoginViewController.swift */; };
		B390068B1CD35D7F00F472AC /* Schedule.swift in Sources */ = {isa = PBXBuildFile; fileRef = B390068A1CD35D7F00F472AC /* Schedule.swift */; };
		B390068D1CD35F4E00F472AC /* SchedulesViewController.swift in Sources */ = {isa = PBXBuildFile; fileRef = B390068C1CD35F4E00F472AC /* SchedulesViewController.swift */; };
		B39006901CD35FB800F472AC /* ScheduleCell.swift in Sources */ = {isa = PBXBuildFile; fileRef = B390068E1CD35FB800F472AC /* ScheduleCell.swift */; };
		B39006911CD35FB800F472AC /* ScheduleCell.xib in Resources */ = {isa = PBXBuildFile; fileRef = B390068F1CD35FB800F472AC /* ScheduleCell.xib */; };
		B39006931CD3714700F472AC /* NewScheduleController.swift in Sources */ = {isa = PBXBuildFile; fileRef = B39006921CD3714700F472AC /* NewScheduleController.swift */; };
		B39006951CD661C600F472AC /* SignupViewController.swift in Sources */ = {isa = PBXBuildFile; fileRef = B39006941CD661C600F472AC /* SignupViewController.swift */; };
		B39006971CD66ED600F472AC /* Action.swift in Sources */ = {isa = PBXBuildFile; fileRef = B39006961CD66ED600F472AC /* Action.swift */; };
		B39006991CD6701C00F472AC /* ActionsViewController.swift in Sources */ = {isa = PBXBuildFile; fileRef = B39006981CD6701C00F472AC /* ActionsViewController.swift */; };
		B390069C1CD679D700F472AC /* ActionCell.swift in Sources */ = {isa = PBXBuildFile; fileRef = B390069A1CD679D700F472AC /* ActionCell.swift */; };
		B390069F1CD67C2200F472AC /* NewActionController.swift in Sources */ = {isa = PBXBuildFile; fileRef = B390069E1CD67C2200F472AC /* NewActionController.swift */; };
		B3D721251D00CF4700BFEEC2 /* TestingViewController.swift in Sources */ = {isa = PBXBuildFile; fileRef = B3D721241D00CF4700BFEEC2 /* TestingViewController.swift */; };
		B3D721271D00DD8B00BFEEC2 /* CardView.swift in Sources */ = {isa = PBXBuildFile; fileRef = B3D721261D00DD8B00BFEEC2 /* CardView.swift */; };
		B3D721291D00DD9F00BFEEC2 /* CardView.xib in Resources */ = {isa = PBXBuildFile; fileRef = B3D721281D00DD9F00BFEEC2 /* CardView.xib */; };
		B3D7212C1D01987100BFEEC2 /* Settings.storyboard in Resources */ = {isa = PBXBuildFile; fileRef = B3D7212A1D01987100BFEEC2 /* Settings.storyboard */; };
		B3D721301D01996000BFEEC2 /* SettingsListTableViewController.swift in Sources */ = {isa = PBXBuildFile; fileRef = B3D7212F1D01996000BFEEC2 /* SettingsListTableViewController.swift */; };
		B3D721321D019AA300BFEEC2 /* SettingsTableViewController.swift in Sources */ = {isa = PBXBuildFile; fileRef = B3D721311D019AA300BFEEC2 /* SettingsTableViewController.swift */; };
		B3D721341D01A47000BFEEC2 /* DefaultSettings.plist in Resources */ = {isa = PBXBuildFile; fileRef = B3D721331D01A47000BFEEC2 /* DefaultSettings.plist */; };
		B3D721361D01AFC300BFEEC2 /* TabBarViewController.swift in Sources */ = {isa = PBXBuildFile; fileRef = B3D721351D01AFC300BFEEC2 /* TabBarViewController.swift */; };
		B3D721381D01B49C00BFEEC2 /* Settings.swift in Sources */ = {isa = PBXBuildFile; fileRef = B3D721371D01B49C00BFEEC2 /* Settings.swift */; };
		B3D7213A1D01C5AE00BFEEC2 /* Cache.swift in Sources */ = {isa = PBXBuildFile; fileRef = B3D721391D01C5AE00BFEEC2 /* Cache.swift */; };
		B3D7213E1D03A8B300BFEEC2 /* ActionCell.xib in Resources */ = {isa = PBXBuildFile; fileRef = B3D7213D1D03A8B300BFEEC2 /* ActionCell.xib */; };
		B3D761FD1D35B6F50088877A /* CreatorAssistant.swift in Sources */ = {isa = PBXBuildFile; fileRef = B3D761FC1D35B6F50088877A /* CreatorAssistant.swift */; };
		B3D761FF1D35B7060088877A /* CreatorAssistant.xib in Resources */ = {isa = PBXBuildFile; fileRef = B3D761FE1D35B7060088877A /* CreatorAssistant.xib */; };
		B3F7B0041CF8AFFF00734F9B /* MainSplitView.swift in Sources */ = {isa = PBXBuildFile; fileRef = B3F7B0031CF8AFFF00734F9B /* MainSplitView.swift */; };
		B3F7B0061CF93E8F00734F9B /* MessageCreator.xib in Resources */ = {isa = PBXBuildFile; fileRef = B3F7B0051CF93E8F00734F9B /* MessageCreator.xib */; };
		B3F7B0081CF93EA400734F9B /* MessageCreator.swift in Sources */ = {isa = PBXBuildFile; fileRef = B3F7B0071CF93EA400734F9B /* MessageCreator.swift */; };
		B3F7B00B1CF93F0E00734F9B /* Feed.storyboard in Resources */ = {isa = PBXBuildFile; fileRef = B3F7B0091CF93F0E00734F9B /* Feed.storyboard */; };
		B3F7B00E1CF93FA800734F9B /* Thread.storyboard in Resources */ = {isa = PBXBuildFile; fileRef = B3F7B00C1CF93FA800734F9B /* Thread.storyboard */; };
		B3F7B0131CF94AD000734F9B /* MessageCreatorTextView.swift in Sources */ = {isa = PBXBuildFile; fileRef = B3F7B0121CF94AD000734F9B /* MessageCreatorTextView.swift */; };
		B3F7B0151CF94F5800734F9B /* MessageCreatorDelegate.swift in Sources */ = {isa = PBXBuildFile; fileRef = B3F7B0141CF94F5800734F9B /* MessageCreatorDelegate.swift */; };
/* End PBXBuildFile section */

/* Begin PBXContainerItemProxy section */
		B363CF981CCEEBB300B6182D /* PBXContainerItemProxy */ = {
			isa = PBXContainerItemProxy;
			containerPortal = B363CF791CCEEBB300B6182D /* Project object */;
			proxyType = 1;
			remoteGlobalIDString = B363CF801CCEEBB300B6182D;
			remoteInfo = Unifai;
		};
		B363CFA31CCEEBB300B6182D /* PBXContainerItemProxy */ = {
			isa = PBXContainerItemProxy;
			containerPortal = B363CF791CCEEBB300B6182D /* Project object */;
			proxyType = 1;
			remoteGlobalIDString = B363CF801CCEEBB300B6182D;
			remoteInfo = Unifai;
		};
/* End PBXContainerItemProxy section */

/* Begin PBXCopyFilesBuildPhase section */
		B39006B41CD6853400F472AC /* Embed App Extensions */ = {
			isa = PBXCopyFilesBuildPhase;
			buildActionMask = 2147483647;
			dstPath = "";
			dstSubfolderSpec = 13;
			files = (
			);
			name = "Embed App Extensions";
			runOnlyForDeploymentPostprocessing = 0;
		};
/* End PBXCopyFilesBuildPhase section */

/* Begin PBXFileReference section */
		610AC2CFFAE76B26B6619070 /* Pods-Unifai.release.xcconfig */ = {isa = PBXFileReference; includeInIndex = 1; lastKnownFileType = text.xcconfig; name = "Pods-Unifai.release.xcconfig"; path = "Pods/Target Support Files/Pods-Unifai/Pods-Unifai.release.xcconfig"; sourceTree = "<group>"; };
		6F2C595C8687C920B4DB1A2A /* Pods_Unifai.framework */ = {isa = PBXFileReference; explicitFileType = wrapper.framework; includeInIndex = 0; path = Pods_Unifai.framework; sourceTree = BUILT_PRODUCTS_DIR; };
		AF737EEAD9673B524EA2C60B /* Pods-Unifai.debug.xcconfig */ = {isa = PBXFileReference; includeInIndex = 1; lastKnownFileType = text.xcconfig; name = "Pods-Unifai.debug.xcconfig"; path = "Pods/Target Support Files/Pods-Unifai/Pods-Unifai.debug.xcconfig"; sourceTree = "<group>"; };
		B30663F41CCF9D2E00F3CC92 /* FeedViewController.swift */ = {isa = PBXFileReference; fileEncoding = 4; lastKnownFileType = sourcecode.swift; path = FeedViewController.swift; sourceTree = "<group>"; };
		B307437B1D2C4E7300A9CD0E /* CatalogViewController.swift */ = {isa = PBXFileReference; fileEncoding = 4; lastKnownFileType = sourcecode.swift; path = CatalogViewController.swift; sourceTree = "<group>"; };
		B307437D1D2C4EFE00A9CD0E /* CatalogCell.swift */ = {isa = PBXFileReference; fileEncoding = 4; lastKnownFileType = sourcecode.swift; path = CatalogCell.swift; sourceTree = "<group>"; };
		B307437E1D2C4EFE00A9CD0E /* CatalogCell.xib */ = {isa = PBXFileReference; fileEncoding = 4; lastKnownFileType = file.xib; path = CatalogCell.xib; sourceTree = "<group>"; };
		B30743811D2C592400A9CD0E /* CatalogItemCell.swift */ = {isa = PBXFileReference; fileEncoding = 4; lastKnownFileType = sourcecode.swift; path = CatalogItemCell.swift; sourceTree = "<group>"; };
		B30743821D2C592400A9CD0E /* CatalogItemCell.xib */ = {isa = PBXFileReference; fileEncoding = 4; lastKnownFileType = file.xib; path = CatalogItemCell.xib; sourceTree = "<group>"; };
		B31BD92A1CFF33CC001B3875 /* FontAwesome.otf */ = {isa = PBXFileReference; lastKnownFileType = file; path = FontAwesome.otf; sourceTree = "<group>"; };
		B31BD92C1CFF93E4001B3875 /* LoginButton.swift */ = {isa = PBXFileReference; fileEncoding = 4; lastKnownFileType = sourcecode.swift; path = LoginButton.swift; sourceTree = "<group>"; };
		B31BD92E1CFF93EF001B3875 /* LoginButton.xib */ = {isa = PBXFileReference; fileEncoding = 4; lastKnownFileType = file.xib; path = LoginButton.xib; sourceTree = "<group>"; };
		B31BD9301D003EC4001B3875 /* AuthViewController.swift */ = {isa = PBXFileReference; fileEncoding = 4; lastKnownFileType = sourcecode.swift; path = AuthViewController.swift; sourceTree = "<group>"; };
		B31BD9311D003EC4001B3875 /* AuthViewController.xib */ = {isa = PBXFileReference; fileEncoding = 4; lastKnownFileType = file.xib; path = AuthViewController.xib; sourceTree = "<group>"; };
		B32BDC9A1CFB9D2800C18AFE /* DashboardViewController.swift */ = {isa = PBXFileReference; fileEncoding = 4; lastKnownFileType = sourcecode.swift; path = DashboardViewController.swift; sourceTree = "<group>"; };
		B32BDC9C1CFBA17900C18AFE /* DashboardEditorViewController.swift */ = {isa = PBXFileReference; fileEncoding = 4; lastKnownFileType = sourcecode.swift; path = DashboardEditorViewController.swift; sourceTree = "<group>"; };
		B335AC1D1CD0ACC100B85781 /* Utils.swift */ = {isa = PBXFileReference; fileEncoding = 4; lastKnownFileType = sourcecode.swift; path = Utils.swift; sourceTree = "<group>"; };
		B335AC201CD0EF8B00B85781 /* ComposeTextField.swift */ = {isa = PBXFileReference; fileEncoding = 4; lastKnownFileType = sourcecode.swift; path = ComposeTextField.swift; sourceTree = "<group>"; };
		B335AC221CD0F3B400B85781 /* ComposeBackground.swift */ = {isa = PBXFileReference; fileEncoding = 4; lastKnownFileType = sourcecode.swift; path = ComposeBackground.swift; sourceTree = "<group>"; };
		B335AC241CD0F4A000B85781 /* ComposeViewController.swift */ = {isa = PBXFileReference; fileEncoding = 4; lastKnownFileType = sourcecode.swift; path = ComposeViewController.swift; sourceTree = "<group>"; };
		B335AC261CD1127C00B85781 /* ServiceProfileViewcontroller.swift */ = {isa = PBXFileReference; fileEncoding = 4; lastKnownFileType = sourcecode.swift; path = ServiceProfileViewcontroller.swift; sourceTree = "<group>"; };
		B335AC281CD177C400B85781 /* ProfileViewController.swift */ = {isa = PBXFileReference; fileEncoding = 4; lastKnownFileType = sourcecode.swift; path = ProfileViewController.swift; sourceTree = "<group>"; };
		B335AC2A1CD3336F00B85781 /* TablePayloadView.swift */ = {isa = PBXFileReference; fileEncoding = 4; lastKnownFileType = sourcecode.swift; path = TablePayloadView.swift; sourceTree = "<group>"; };
		B350B9231D381B3A00FADBB6 /* ActionPickerViewController.swift */ = {isa = PBXFileReference; fileEncoding = 4; lastKnownFileType = sourcecode.swift; path = ActionPickerViewController.swift; sourceTree = "<group>"; };
		B350B9241D381B3A00FADBB6 /* ActionPickerViewController.xib */ = {isa = PBXFileReference; fileEncoding = 4; lastKnownFileType = file.xib; path = ActionPickerViewController.xib; sourceTree = "<group>"; };
		B35598741D37F5F7002F4C59 /* ActionRunnerPage.xib */ = {isa = PBXFileReference; fileEncoding = 4; lastKnownFileType = file.xib; path = ActionRunnerPage.xib; sourceTree = "<group>"; };
		B35598761D37F626002F4C59 /* ActionRunnerPage.swift */ = {isa = PBXFileReference; fileEncoding = 4; lastKnownFileType = sourcecode.swift; path = ActionRunnerPage.swift; sourceTree = "<group>"; };
		B363CF811CCEEBB300B6182D /* Unifai.app */ = {isa = PBXFileReference; explicitFileType = wrapper.application; includeInIndex = 0; path = Unifai.app; sourceTree = BUILT_PRODUCTS_DIR; };
		B363CF841CCEEBB300B6182D /* AppDelegate.swift */ = {isa = PBXFileReference; lastKnownFileType = sourcecode.swift; path = AppDelegate.swift; sourceTree = "<group>"; };
		B363CF8B1CCEEBB300B6182D /* Base */ = {isa = PBXFileReference; lastKnownFileType = file.storyboard; name = Base; path = Base.lproj/Main.storyboard; sourceTree = "<group>"; };
		B363CF8D1CCEEBB300B6182D /* Assets.xcassets */ = {isa = PBXFileReference; lastKnownFileType = folder.assetcatalog; path = Assets.xcassets; sourceTree = "<group>"; };
		B363CF901CCEEBB300B6182D /* Base */ = {isa = PBXFileReference; lastKnownFileType = file.storyboard; name = Base; path = Base.lproj/LaunchScreen.storyboard; sourceTree = "<group>"; };
		B363CF921CCEEBB300B6182D /* Info.plist */ = {isa = PBXFileReference; lastKnownFileType = text.plist.xml; path = Info.plist; sourceTree = "<group>"; };
		B363CF971CCEEBB300B6182D /* UnifaiTests.xctest */ = {isa = PBXFileReference; explicitFileType = wrapper.cfbundle; includeInIndex = 0; path = UnifaiTests.xctest; sourceTree = BUILT_PRODUCTS_DIR; };
		B363CF9B1CCEEBB300B6182D /* UnifaiTests.swift */ = {isa = PBXFileReference; lastKnownFileType = sourcecode.swift; path = UnifaiTests.swift; sourceTree = "<group>"; };
		B363CF9D1CCEEBB300B6182D /* Info.plist */ = {isa = PBXFileReference; lastKnownFileType = text.plist.xml; path = Info.plist; sourceTree = "<group>"; };
		B363CFA21CCEEBB300B6182D /* UnifaiUITests.xctest */ = {isa = PBXFileReference; explicitFileType = wrapper.cfbundle; includeInIndex = 0; path = UnifaiUITests.xctest; sourceTree = BUILT_PRODUCTS_DIR; };
		B363CFA61CCEEBB300B6182D /* UnifaiUITests.swift */ = {isa = PBXFileReference; lastKnownFileType = sourcecode.swift; path = UnifaiUITests.swift; sourceTree = "<group>"; };
		B363CFA81CCEEBB300B6182D /* Info.plist */ = {isa = PBXFileReference; lastKnownFileType = text.plist.xml; path = Info.plist; sourceTree = "<group>"; };
		B363CFB41CCEECA600B6182D /* Podfile */ = {isa = PBXFileReference; fileEncoding = 4; lastKnownFileType = text; path = Podfile; sourceTree = "<group>"; xcLanguageSpecificationIdentifier = xcode.lang.ruby; };
		B363CFB91CCEF32A00B6182D /* Message.swift */ = {isa = PBXFileReference; fileEncoding = 4; lastKnownFileType = sourcecode.swift; path = Message.swift; sourceTree = "<group>"; };
		B363CFBB1CCEF49800B6182D /* Payload.swift */ = {isa = PBXFileReference; fileEncoding = 4; lastKnownFileType = sourcecode.swift; path = Payload.swift; sourceTree = "<group>"; };
		B363CFBD1CCEF52600B6182D /* Service.swift */ = {isa = PBXFileReference; fileEncoding = 4; lastKnownFileType = sourcecode.swift; path = Service.swift; sourceTree = "<group>"; };
		B363CFBF1CCEF74100B6182D /* Core.swift */ = {isa = PBXFileReference; fileEncoding = 4; lastKnownFileType = sourcecode.swift; path = Core.swift; sourceTree = "<group>"; };
		B363CFC11CCEF78E00B6182D /* ThreadViewController.swift */ = {isa = PBXFileReference; fileEncoding = 4; lastKnownFileType = sourcecode.swift; path = ThreadViewController.swift; sourceTree = "<group>"; };
		B363CFC51CCEF9A800B6182D /* MessageCell.swift */ = {isa = PBXFileReference; fileEncoding = 4; lastKnownFileType = sourcecode.swift; path = MessageCell.swift; sourceTree = "<group>"; };
		B363CFC71CCEF9BB00B6182D /* MessageCell.xib */ = {isa = PBXFileReference; fileEncoding = 4; lastKnownFileType = file.xib; path = MessageCell.xib; sourceTree = "<group>"; };
		B363CFC91CCF090700B6182D /* Constants.swift */ = {isa = PBXFileReference; fileEncoding = 4; lastKnownFileType = sourcecode.swift; path = Constants.swift; sourceTree = "<group>"; };
		B363CFCB1CCF205700B6182D /* Unifai.swift */ = {isa = PBXFileReference; fileEncoding = 4; lastKnownFileType = sourcecode.swift; path = Unifai.swift; sourceTree = "<group>"; };
		B363CFCF1CCF4D9600B6182D /* MainNavigationController.swift */ = {isa = PBXFileReference; fileEncoding = 4; lastKnownFileType = sourcecode.swift; path = MainNavigationController.swift; sourceTree = "<group>"; };
		B363CFD11CCF502A00B6182D /* LoginViewController.swift */ = {isa = PBXFileReference; fileEncoding = 4; lastKnownFileType = sourcecode.swift; path = LoginViewController.swift; sourceTree = "<group>"; };
		B390068A1CD35D7F00F472AC /* Schedule.swift */ = {isa = PBXFileReference; fileEncoding = 4; lastKnownFileType = sourcecode.swift; path = Schedule.swift; sourceTree = "<group>"; };
		B390068C1CD35F4E00F472AC /* SchedulesViewController.swift */ = {isa = PBXFileReference; fileEncoding = 4; lastKnownFileType = sourcecode.swift; path = SchedulesViewController.swift; sourceTree = "<group>"; };
		B390068E1CD35FB800F472AC /* ScheduleCell.swift */ = {isa = PBXFileReference; fileEncoding = 4; lastKnownFileType = sourcecode.swift; path = ScheduleCell.swift; sourceTree = "<group>"; };
		B390068F1CD35FB800F472AC /* ScheduleCell.xib */ = {isa = PBXFileReference; fileEncoding = 4; lastKnownFileType = file.xib; path = ScheduleCell.xib; sourceTree = "<group>"; };
		B39006921CD3714700F472AC /* NewScheduleController.swift */ = {isa = PBXFileReference; fileEncoding = 4; lastKnownFileType = sourcecode.swift; path = NewScheduleController.swift; sourceTree = "<group>"; };
		B39006941CD661C600F472AC /* SignupViewController.swift */ = {isa = PBXFileReference; fileEncoding = 4; lastKnownFileType = sourcecode.swift; path = SignupViewController.swift; sourceTree = "<group>"; };
		B39006961CD66ED600F472AC /* Action.swift */ = {isa = PBXFileReference; fileEncoding = 4; lastKnownFileType = sourcecode.swift; path = Action.swift; sourceTree = "<group>"; };
		B39006981CD6701C00F472AC /* ActionsViewController.swift */ = {isa = PBXFileReference; fileEncoding = 4; lastKnownFileType = sourcecode.swift; path = ActionsViewController.swift; sourceTree = "<group>"; };
		B390069A1CD679D700F472AC /* ActionCell.swift */ = {isa = PBXFileReference; fileEncoding = 4; lastKnownFileType = sourcecode.swift; path = ActionCell.swift; sourceTree = "<group>"; };
		B390069E1CD67C2200F472AC /* NewActionController.swift */ = {isa = PBXFileReference; fileEncoding = 4; lastKnownFileType = sourcecode.swift; path = NewActionController.swift; sourceTree = "<group>"; };
		B39006A51CD6853400F472AC /* NotificationCenter.framework */ = {isa = PBXFileReference; lastKnownFileType = wrapper.framework; name = NotificationCenter.framework; path = System/Library/Frameworks/NotificationCenter.framework; sourceTree = SDKROOT; };
		B39006A81CD6853400F472AC /* TodayViewController.swift */ = {isa = PBXFileReference; lastKnownFileType = sourcecode.swift; path = TodayViewController.swift; sourceTree = "<group>"; };
		B39006AB1CD6853400F472AC /* Base */ = {isa = PBXFileReference; lastKnownFileType = file.storyboard; name = Base; path = Base.lproj/MainInterface.storyboard; sourceTree = "<group>"; };
		B39006AD1CD6853400F472AC /* Info.plist */ = {isa = PBXFileReference; lastKnownFileType = text.plist.xml; path = Info.plist; sourceTree = "<group>"; };
		B3D721241D00CF4700BFEEC2 /* TestingViewController.swift */ = {isa = PBXFileReference; fileEncoding = 4; lastKnownFileType = sourcecode.swift; path = TestingViewController.swift; sourceTree = "<group>"; };
		B3D721261D00DD8B00BFEEC2 /* CardView.swift */ = {isa = PBXFileReference; fileEncoding = 4; lastKnownFileType = sourcecode.swift; path = CardView.swift; sourceTree = "<group>"; };
		B3D721281D00DD9F00BFEEC2 /* CardView.xib */ = {isa = PBXFileReference; fileEncoding = 4; lastKnownFileType = file.xib; path = CardView.xib; sourceTree = "<group>"; };
		B3D7212B1D01987100BFEEC2 /* Base */ = {isa = PBXFileReference; lastKnownFileType = file.storyboard; name = Base; path = Base.lproj/Settings.storyboard; sourceTree = "<group>"; };
		B3D7212F1D01996000BFEEC2 /* SettingsListTableViewController.swift */ = {isa = PBXFileReference; fileEncoding = 4; lastKnownFileType = sourcecode.swift; path = SettingsListTableViewController.swift; sourceTree = "<group>"; };
		B3D721311D019AA300BFEEC2 /* SettingsTableViewController.swift */ = {isa = PBXFileReference; fileEncoding = 4; lastKnownFileType = sourcecode.swift; path = SettingsTableViewController.swift; sourceTree = "<group>"; };
		B3D721331D01A47000BFEEC2 /* DefaultSettings.plist */ = {isa = PBXFileReference; fileEncoding = 4; lastKnownFileType = text.plist.xml; path = DefaultSettings.plist; sourceTree = "<group>"; };
		B3D721351D01AFC300BFEEC2 /* TabBarViewController.swift */ = {isa = PBXFileReference; fileEncoding = 4; lastKnownFileType = sourcecode.swift; path = TabBarViewController.swift; sourceTree = "<group>"; };
		B3D721371D01B49C00BFEEC2 /* Settings.swift */ = {isa = PBXFileReference; fileEncoding = 4; lastKnownFileType = sourcecode.swift; path = Settings.swift; sourceTree = "<group>"; };
		B3D721391D01C5AE00BFEEC2 /* Cache.swift */ = {isa = PBXFileReference; fileEncoding = 4; lastKnownFileType = sourcecode.swift; path = Cache.swift; sourceTree = "<group>"; };
		B3D7213D1D03A8B300BFEEC2 /* ActionCell.xib */ = {isa = PBXFileReference; fileEncoding = 4; lastKnownFileType = file.xib; path = ActionCell.xib; sourceTree = "<group>"; };
		B3D761FC1D35B6F50088877A /* CreatorAssistant.swift */ = {isa = PBXFileReference; fileEncoding = 4; lastKnownFileType = sourcecode.swift; path = CreatorAssistant.swift; sourceTree = "<group>"; };
		B3D761FE1D35B7060088877A /* CreatorAssistant.xib */ = {isa = PBXFileReference; fileEncoding = 4; lastKnownFileType = file.xib; path = CreatorAssistant.xib; sourceTree = "<group>"; };
		B3F7B0031CF8AFFF00734F9B /* MainSplitView.swift */ = {isa = PBXFileReference; fileEncoding = 4; lastKnownFileType = sourcecode.swift; path = MainSplitView.swift; sourceTree = "<group>"; };
		B3F7B0051CF93E8F00734F9B /* MessageCreator.xib */ = {isa = PBXFileReference; fileEncoding = 4; lastKnownFileType = file.xib; path = MessageCreator.xib; sourceTree = "<group>"; };
		B3F7B0071CF93EA400734F9B /* MessageCreator.swift */ = {isa = PBXFileReference; fileEncoding = 4; lastKnownFileType = sourcecode.swift; path = MessageCreator.swift; sourceTree = "<group>"; };
		B3F7B00A1CF93F0E00734F9B /* Base */ = {isa = PBXFileReference; lastKnownFileType = file.storyboard; name = Base; path = Base.lproj/Feed.storyboard; sourceTree = "<group>"; };
		B3F7B00D1CF93FA800734F9B /* Base */ = {isa = PBXFileReference; lastKnownFileType = file.storyboard; name = Base; path = Base.lproj/Thread.storyboard; sourceTree = "<group>"; };
		B3F7B0121CF94AD000734F9B /* MessageCreatorTextView.swift */ = {isa = PBXFileReference; fileEncoding = 4; lastKnownFileType = sourcecode.swift; path = MessageCreatorTextView.swift; sourceTree = "<group>"; };
		B3F7B0141CF94F5800734F9B /* MessageCreatorDelegate.swift */ = {isa = PBXFileReference; fileEncoding = 4; lastKnownFileType = sourcecode.swift; path = MessageCreatorDelegate.swift; sourceTree = "<group>"; };
/* End PBXFileReference section */

/* Begin PBXFrameworksBuildPhase section */
		B363CF7E1CCEEBB300B6182D /* Frameworks */ = {
			isa = PBXFrameworksBuildPhase;
			buildActionMask = 2147483647;
			files = (
				01D26ACE065065C701F8A3F1 /* Pods_Unifai.framework in Frameworks */,
			);
			runOnlyForDeploymentPostprocessing = 0;
		};
		B363CF941CCEEBB300B6182D /* Frameworks */ = {
			isa = PBXFrameworksBuildPhase;
			buildActionMask = 2147483647;
			files = (
			);
			runOnlyForDeploymentPostprocessing = 0;
		};
		B363CF9F1CCEEBB300B6182D /* Frameworks */ = {
			isa = PBXFrameworksBuildPhase;
			buildActionMask = 2147483647;
			files = (
			);
			runOnlyForDeploymentPostprocessing = 0;
		};
/* End PBXFrameworksBuildPhase section */

/* Begin PBXGroup section */
		631C73C1605A0315FCA90CA7 /* Pods */ = {
			isa = PBXGroup;
			children = (
				AF737EEAD9673B524EA2C60B /* Pods-Unifai.debug.xcconfig */,
				610AC2CFFAE76B26B6619070 /* Pods-Unifai.release.xcconfig */,
			);
			name = Pods;
			sourceTree = "<group>";
		};
		B118B9FF59514405996BA216 /* Frameworks */ = {
			isa = PBXGroup;
			children = (
				6F2C595C8687C920B4DB1A2A /* Pods_Unifai.framework */,
				B39006A51CD6853400F472AC /* NotificationCenter.framework */,
			);
			name = Frameworks;
			sourceTree = "<group>";
		};
		B363CF781CCEEBB300B6182D = {
			isa = PBXGroup;
			children = (
				B363CFB41CCEECA600B6182D /* Podfile */,
				B363CF831CCEEBB300B6182D /* Unifai */,
				B363CF9A1CCEEBB300B6182D /* UnifaiTests */,
				B363CFA51CCEEBB300B6182D /* UnifaiUITests */,
				B39006A71CD6853400F472AC /* UnifaiWidget */,
				B363CF821CCEEBB300B6182D /* Products */,
				631C73C1605A0315FCA90CA7 /* Pods */,
				B118B9FF59514405996BA216 /* Frameworks */,
			);
			sourceTree = "<group>";
		};
		B363CF821CCEEBB300B6182D /* Products */ = {
			isa = PBXGroup;
			children = (
				B363CF811CCEEBB300B6182D /* Unifai.app */,
				B363CF971CCEEBB300B6182D /* UnifaiTests.xctest */,
				B363CFA21CCEEBB300B6182D /* UnifaiUITests.xctest */,
			);
			name = Products;
			sourceTree = "<group>";
		};
		B363CF831CCEEBB300B6182D /* Unifai */ = {
			isa = PBXGroup;
			children = (
				B32BDC9A1CFB9D2800C18AFE /* DashboardViewController.swift */,
				B3F7B00F1CF9455700734F9B /* Resources */,
				B3F7B0031CF8AFFF00734F9B /* MainSplitView.swift */,
				B363CFB61CCEF30E00B6182D /* Models */,
				B363CF841CCEEBB300B6182D /* AppDelegate.swift */,
				B363CF8A1CCEEBB300B6182D /* Main.storyboard */,
				B3D7212A1D01987100BFEEC2 /* Settings.storyboard */,
				B3F7B00C1CF93FA800734F9B /* Thread.storyboard */,
				B3F7B0091CF93F0E00734F9B /* Feed.storyboard */,
				B363CF8D1CCEEBB300B6182D /* Assets.xcassets */,
				B363CF8F1CCEEBB300B6182D /* LaunchScreen.storyboard */,
				B363CF921CCEEBB300B6182D /* Info.plist */,
				B363CFC11CCEF78E00B6182D /* ThreadViewController.swift */,
				B363CFC51CCEF9A800B6182D /* MessageCell.swift */,
				B363CFC71CCEF9BB00B6182D /* MessageCell.xib */,
				B363CFCF1CCF4D9600B6182D /* MainNavigationController.swift */,
				B363CFD11CCF502A00B6182D /* LoginViewController.swift */,
				B30663F41CCF9D2E00F3CC92 /* FeedViewController.swift */,
				B335AC201CD0EF8B00B85781 /* ComposeTextField.swift */,
				B335AC221CD0F3B400B85781 /* ComposeBackground.swift */,
				B335AC241CD0F4A000B85781 /* ComposeViewController.swift */,
				B335AC261CD1127C00B85781 /* ServiceProfileViewcontroller.swift */,
				B335AC281CD177C400B85781 /* ProfileViewController.swift */,
				B335AC2A1CD3336F00B85781 /* TablePayloadView.swift */,
				B390068C1CD35F4E00F472AC /* SchedulesViewController.swift */,
				B390068E1CD35FB800F472AC /* ScheduleCell.swift */,
				B390068F1CD35FB800F472AC /* ScheduleCell.xib */,
				B39006921CD3714700F472AC /* NewScheduleController.swift */,
				B39006941CD661C600F472AC /* SignupViewController.swift */,
				B39006981CD6701C00F472AC /* ActionsViewController.swift */,
				B390069A1CD679D700F472AC /* ActionCell.swift */,
				B3D7213D1D03A8B300BFEEC2 /* ActionCell.xib */,
				B390069E1CD67C2200F472AC /* NewActionController.swift */,
				B3F7B0051CF93E8F00734F9B /* MessageCreator.xib */,
				B3F7B0071CF93EA400734F9B /* MessageCreator.swift */,
				B3F7B0121CF94AD000734F9B /* MessageCreatorTextView.swift */,
				B3F7B0141CF94F5800734F9B /* MessageCreatorDelegate.swift */,
				B32BDC9C1CFBA17900C18AFE /* DashboardEditorViewController.swift */,
				B31BD92C1CFF93E4001B3875 /* LoginButton.swift */,
				B31BD92E1CFF93EF001B3875 /* LoginButton.xib */,
				B31BD9301D003EC4001B3875 /* AuthViewController.swift */,
				B31BD9311D003EC4001B3875 /* AuthViewController.xib */,
				B3D721241D00CF4700BFEEC2 /* TestingViewController.swift */,
				B3D721261D00DD8B00BFEEC2 /* CardView.swift */,
				B3D721281D00DD9F00BFEEC2 /* CardView.xib */,
				B3D721311D019AA300BFEEC2 /* SettingsTableViewController.swift */,
				B3D7212F1D01996000BFEEC2 /* SettingsListTableViewController.swift */,
				B3D721331D01A47000BFEEC2 /* DefaultSettings.plist */,
				B3D721351D01AFC300BFEEC2 /* TabBarViewController.swift */,
				B307437B1D2C4E7300A9CD0E /* CatalogViewController.swift */,
				B307437D1D2C4EFE00A9CD0E /* CatalogCell.swift */,
				B307437E1D2C4EFE00A9CD0E /* CatalogCell.xib */,
				B30743811D2C592400A9CD0E /* CatalogItemCell.swift */,
				B30743821D2C592400A9CD0E /* CatalogItemCell.xib */,
				B3D761FC1D35B6F50088877A /* CreatorAssistant.swift */,
				B3D761FE1D35B7060088877A /* CreatorAssistant.xib */,
				B35598741D37F5F7002F4C59 /* ActionRunnerPage.xib */,
				B35598761D37F626002F4C59 /* ActionRunnerPage.swift */,
				B350B9231D381B3A00FADBB6 /* ActionPickerViewController.swift */,
				B350B9241D381B3A00FADBB6 /* ActionPickerViewController.xib */,
			);
			path = Unifai;
			sourceTree = "<group>";
		};
		B363CF9A1CCEEBB300B6182D /* UnifaiTests */ = {
			isa = PBXGroup;
			children = (
				B363CF9B1CCEEBB300B6182D /* UnifaiTests.swift */,
				B363CF9D1CCEEBB300B6182D /* Info.plist */,
			);
			path = UnifaiTests;
			sourceTree = "<group>";
		};
		B363CFA51CCEEBB300B6182D /* UnifaiUITests */ = {
			isa = PBXGroup;
			children = (
				B363CFA61CCEEBB300B6182D /* UnifaiUITests.swift */,
				B363CFA81CCEEBB300B6182D /* Info.plist */,
			);
			path = UnifaiUITests;
			sourceTree = "<group>";
		};
		B363CFB61CCEF30E00B6182D /* Models */ = {
			isa = PBXGroup;
			children = (
				B363CFB91CCEF32A00B6182D /* Message.swift */,
				B363CFBB1CCEF49800B6182D /* Payload.swift */,
				B363CFBD1CCEF52600B6182D /* Service.swift */,
				B363CFBF1CCEF74100B6182D /* Core.swift */,
				B363CFC91CCF090700B6182D /* Constants.swift */,
				B363CFCB1CCF205700B6182D /* Unifai.swift */,
				B335AC1D1CD0ACC100B85781 /* Utils.swift */,
				B390068A1CD35D7F00F472AC /* Schedule.swift */,
				B39006961CD66ED600F472AC /* Action.swift */,
				B3D721371D01B49C00BFEEC2 /* Settings.swift */,
				B3D721391D01C5AE00BFEEC2 /* Cache.swift */,
			);
			name = Models;
			sourceTree = "<group>";
		};
		B39006A71CD6853400F472AC /* UnifaiWidget */ = {
			isa = PBXGroup;
			children = (
				B39006A81CD6853400F472AC /* TodayViewController.swift */,
				B39006AA1CD6853400F472AC /* MainInterface.storyboard */,
				B39006AD1CD6853400F472AC /* Info.plist */,
			);
			path = UnifaiWidget;
			sourceTree = "<group>";
		};
		B3F7B00F1CF9455700734F9B /* Resources */ = {
			isa = PBXGroup;
			children = (
				B31BD92A1CFF33CC001B3875 /* FontAwesome.otf */,
			);
			name = Resources;
			sourceTree = "<group>";
		};
/* End PBXGroup section */

/* Begin PBXNativeTarget section */
		B363CF801CCEEBB300B6182D /* Unifai */ = {
			isa = PBXNativeTarget;
			buildConfigurationList = B363CFAB1CCEEBB300B6182D /* Build configuration list for PBXNativeTarget "Unifai" */;
			buildPhases = (
				6F9134C6F6DDF9148448CB36 /* Check Pods Manifest.lock */,
				B363CF7D1CCEEBB300B6182D /* Sources */,
				B363CF7E1CCEEBB300B6182D /* Frameworks */,
				B363CF7F1CCEEBB300B6182D /* Resources */,
				F9B83672CF0722E3BAB3ED7E /* Embed Pods Frameworks */,
				B9E744749A4B9F18D8176132 /* Copy Pods Resources */,
				B39006B41CD6853400F472AC /* Embed App Extensions */,
			);
			buildRules = (
			);
			dependencies = (
			);
			name = Unifai;
			productName = Unifai;
			productReference = B363CF811CCEEBB300B6182D /* Unifai.app */;
			productType = "com.apple.product-type.application";
		};
		B363CF961CCEEBB300B6182D /* UnifaiTests */ = {
			isa = PBXNativeTarget;
			buildConfigurationList = B363CFAE1CCEEBB300B6182D /* Build configuration list for PBXNativeTarget "UnifaiTests" */;
			buildPhases = (
				B363CF931CCEEBB300B6182D /* Sources */,
				B363CF941CCEEBB300B6182D /* Frameworks */,
				B363CF951CCEEBB300B6182D /* Resources */,
			);
			buildRules = (
			);
			dependencies = (
				B363CF991CCEEBB300B6182D /* PBXTargetDependency */,
			);
			name = UnifaiTests;
			productName = UnifaiTests;
			productReference = B363CF971CCEEBB300B6182D /* UnifaiTests.xctest */;
			productType = "com.apple.product-type.bundle.unit-test";
		};
		B363CFA11CCEEBB300B6182D /* UnifaiUITests */ = {
			isa = PBXNativeTarget;
			buildConfigurationList = B363CFB11CCEEBB300B6182D /* Build configuration list for PBXNativeTarget "UnifaiUITests" */;
			buildPhases = (
				B363CF9E1CCEEBB300B6182D /* Sources */,
				B363CF9F1CCEEBB300B6182D /* Frameworks */,
				B363CFA01CCEEBB300B6182D /* Resources */,
			);
			buildRules = (
			);
			dependencies = (
				B363CFA41CCEEBB300B6182D /* PBXTargetDependency */,
			);
			name = UnifaiUITests;
			productName = UnifaiUITests;
			productReference = B363CFA21CCEEBB300B6182D /* UnifaiUITests.xctest */;
			productType = "com.apple.product-type.bundle.ui-testing";
		};
/* End PBXNativeTarget section */

/* Begin PBXProject section */
		B363CF791CCEEBB300B6182D /* Project object */ = {
			isa = PBXProject;
			attributes = {
				LastSwiftUpdateCheck = 0730;
				LastUpgradeCheck = 0720;
				ORGANIZATIONNAME = Unifai;
				TargetAttributes = {
					B363CF801CCEEBB300B6182D = {
						CreatedOnToolsVersion = 7.2;
						DevelopmentTeam = 4FLSWMW6LR;
					};
					B363CF961CCEEBB300B6182D = {
						CreatedOnToolsVersion = 7.2;
						DevelopmentTeam = 4FLSWMW6LR;
						TestTargetID = B363CF801CCEEBB300B6182D;
					};
					B363CFA11CCEEBB300B6182D = {
						CreatedOnToolsVersion = 7.2;
						DevelopmentTeam = 4FLSWMW6LR;
						TestTargetID = B363CF801CCEEBB300B6182D;
					};
				};
			};
			buildConfigurationList = B363CF7C1CCEEBB300B6182D /* Build configuration list for PBXProject "Unifai" */;
			compatibilityVersion = "Xcode 3.2";
			developmentRegion = English;
			hasScannedForEncodings = 0;
			knownRegions = (
				en,
				Base,
			);
			mainGroup = B363CF781CCEEBB300B6182D;
			productRefGroup = B363CF821CCEEBB300B6182D /* Products */;
			projectDirPath = "";
			projectRoot = "";
			targets = (
				B363CF801CCEEBB300B6182D /* Unifai */,
				B363CF961CCEEBB300B6182D /* UnifaiTests */,
				B363CFA11CCEEBB300B6182D /* UnifaiUITests */,
			);
		};
/* End PBXProject section */

/* Begin PBXResourcesBuildPhase section */
		B363CF7F1CCEEBB300B6182D /* Resources */ = {
			isa = PBXResourcesBuildPhase;
			buildActionMask = 2147483647;
			files = (
				B3F7B0061CF93E8F00734F9B /* MessageCreator.xib in Resources */,
				B3D761FF1D35B7060088877A /* CreatorAssistant.xib in Resources */,
				B31BD92F1CFF93EF001B3875 /* LoginButton.xib in Resources */,
				B31BD92B1CFF33CC001B3875 /* FontAwesome.otf in Resources */,
				B363CFC81CCEF9BB00B6182D /* MessageCell.xib in Resources */,
				B30743841D2C592400A9CD0E /* CatalogItemCell.xib in Resources */,
				B35598751D37F5F7002F4C59 /* ActionRunnerPage.xib in Resources */,
				B3F7B00B1CF93F0E00734F9B /* Feed.storyboard in Resources */,
				B3D721341D01A47000BFEEC2 /* DefaultSettings.plist in Resources */,
				B30743801D2C4EFE00A9CD0E /* CatalogCell.xib in Resources */,
				B363CF911CCEEBB300B6182D /* LaunchScreen.storyboard in Resources */,
				B3F7B00E1CF93FA800734F9B /* Thread.storyboard in Resources */,
				B31BD9331D003EC4001B3875 /* AuthViewController.xib in Resources */,
				B3D7212C1D01987100BFEEC2 /* Settings.storyboard in Resources */,
				B39006911CD35FB800F472AC /* ScheduleCell.xib in Resources */,
				B3D721291D00DD9F00BFEEC2 /* CardView.xib in Resources */,
				B363CF8E1CCEEBB300B6182D /* Assets.xcassets in Resources */,
				B350B9261D381B3A00FADBB6 /* ActionPickerViewController.xib in Resources */,
				B3D7213E1D03A8B300BFEEC2 /* ActionCell.xib in Resources */,
				B363CFB51CCEECA600B6182D /* Podfile in Resources */,
				B363CF8C1CCEEBB300B6182D /* Main.storyboard in Resources */,
			);
			runOnlyForDeploymentPostprocessing = 0;
		};
		B363CF951CCEEBB300B6182D /* Resources */ = {
			isa = PBXResourcesBuildPhase;
			buildActionMask = 2147483647;
			files = (
			);
			runOnlyForDeploymentPostprocessing = 0;
		};
		B363CFA01CCEEBB300B6182D /* Resources */ = {
			isa = PBXResourcesBuildPhase;
			buildActionMask = 2147483647;
			files = (
			);
			runOnlyForDeploymentPostprocessing = 0;
		};
/* End PBXResourcesBuildPhase section */

/* Begin PBXShellScriptBuildPhase section */
		6F9134C6F6DDF9148448CB36 /* Check Pods Manifest.lock */ = {
			isa = PBXShellScriptBuildPhase;
			buildActionMask = 2147483647;
			files = (
			);
			inputPaths = (
			);
			name = "Check Pods Manifest.lock";
			outputPaths = (
			);
			runOnlyForDeploymentPostprocessing = 0;
			shellPath = /bin/sh;
			shellScript = "diff \"${PODS_ROOT}/../Podfile.lock\" \"${PODS_ROOT}/Manifest.lock\" > /dev/null\nif [[ $? != 0 ]] ; then\n    cat << EOM\nerror: The sandbox is not in sync with the Podfile.lock. Run 'pod install' or update your CocoaPods installation.\nEOM\n    exit 1\nfi\n";
			showEnvVarsInLog = 0;
		};
		B9E744749A4B9F18D8176132 /* Copy Pods Resources */ = {
			isa = PBXShellScriptBuildPhase;
			buildActionMask = 2147483647;
			files = (
			);
			inputPaths = (
			);
			name = "Copy Pods Resources";
			outputPaths = (
			);
			runOnlyForDeploymentPostprocessing = 0;
			shellPath = /bin/sh;
			shellScript = "\"${SRCROOT}/Pods/Target Support Files/Pods-Unifai/Pods-Unifai-resources.sh\"\n";
			showEnvVarsInLog = 0;
		};
		F9B83672CF0722E3BAB3ED7E /* Embed Pods Frameworks */ = {
			isa = PBXShellScriptBuildPhase;
			buildActionMask = 2147483647;
			files = (
			);
			inputPaths = (
			);
			name = "Embed Pods Frameworks";
			outputPaths = (
			);
			runOnlyForDeploymentPostprocessing = 0;
			shellPath = /bin/sh;
			shellScript = "\"${SRCROOT}/Pods/Target Support Files/Pods-Unifai/Pods-Unifai-frameworks.sh\"\n";
			showEnvVarsInLog = 0;
		};
/* End PBXShellScriptBuildPhase section */

/* Begin PBXSourcesBuildPhase section */
		B363CF7D1CCEEBB300B6182D /* Sources */ = {
			isa = PBXSourcesBuildPhase;
			buildActionMask = 2147483647;
			files = (
				B390069F1CD67C2200F472AC /* NewActionController.swift in Sources */,
				B363CFD21CCF502A00B6182D /* LoginViewController.swift in Sources */,
				B363CFBC1CCEF49800B6182D /* Payload.swift in Sources */,
				B363CFCA1CCF090700B6182D /* Constants.swift in Sources */,
				B335AC1E1CD0ACC100B85781 /* Utils.swift in Sources */,
				B3F7B0131CF94AD000734F9B /* MessageCreatorTextView.swift in Sources */,
				B35598771D37F626002F4C59 /* ActionRunnerPage.swift in Sources */,
				B307437F1D2C4EFE00A9CD0E /* CatalogCell.swift in Sources */,
				B363CFC61CCEF9A800B6182D /* MessageCell.swift in Sources */,
				B3D721301D01996000BFEEC2 /* SettingsListTableViewController.swift in Sources */,
				B3D761FD1D35B6F50088877A /* CreatorAssistant.swift in Sources */,
				B3F7B0151CF94F5800734F9B /* MessageCreatorDelegate.swift in Sources */,
				B335AC211CD0EF8B00B85781 /* ComposeTextField.swift in Sources */,
				B3D7213A1D01C5AE00BFEEC2 /* Cache.swift in Sources */,
				B335AC2B1CD3336F00B85781 /* TablePayloadView.swift in Sources */,
				B307437C1D2C4E7300A9CD0E /* CatalogViewController.swift in Sources */,
				B335AC271CD1127C00B85781 /* ServiceProfileViewcontroller.swift in Sources */,
				B363CFBE1CCEF52600B6182D /* Service.swift in Sources */,
				B32BDC9D1CFBA17900C18AFE /* DashboardEditorViewController.swift in Sources */,
				B363CF851CCEEBB300B6182D /* AppDelegate.swift in Sources */,
				B335AC291CD177C400B85781 /* ProfileViewController.swift in Sources */,
				B3F7B0081CF93EA400734F9B /* MessageCreator.swift in Sources */,
				B31BD9321D003EC4001B3875 /* AuthViewController.swift in Sources */,
				B335AC231CD0F3B400B85781 /* ComposeBackground.swift in Sources */,
				B390068B1CD35D7F00F472AC /* Schedule.swift in Sources */,
				B30663F51CCF9D2E00F3CC92 /* FeedViewController.swift in Sources */,
				B390068D1CD35F4E00F472AC /* SchedulesViewController.swift in Sources */,
				B32BDC9B1CFB9D2800C18AFE /* DashboardViewController.swift in Sources */,
				B363CFBA1CCEF32A00B6182D /* Message.swift in Sources */,
				B335AC251CD0F4A000B85781 /* ComposeViewController.swift in Sources */,
				B363CFC01CCEF74100B6182D /* Core.swift in Sources */,
				B39006991CD6701C00F472AC /* ActionsViewController.swift in Sources */,
				B3D721271D00DD8B00BFEEC2 /* CardView.swift in Sources */,
				B39006971CD66ED600F472AC /* Action.swift in Sources */,
				B39006951CD661C600F472AC /* SignupViewController.swift in Sources */,
				B3F7B0041CF8AFFF00734F9B /* MainSplitView.swift in Sources */,
				B3D721361D01AFC300BFEEC2 /* TabBarViewController.swift in Sources */,
				B350B9251D381B3A00FADBB6 /* ActionPickerViewController.swift in Sources */,
				B363CFC21CCEF78E00B6182D /* ThreadViewController.swift in Sources */,
				B363CFD01CCF4D9600B6182D /* MainNavigationController.swift in Sources */,
				B31BD92D1CFF93E4001B3875 /* LoginButton.swift in Sources */,
				B3D721251D00CF4700BFEEC2 /* TestingViewController.swift in Sources */,
				B39006931CD3714700F472AC /* NewScheduleController.swift in Sources */,
				B30743831D2C592400A9CD0E /* CatalogItemCell.swift in Sources */,
				B3D721381D01B49C00BFEEC2 /* Settings.swift in Sources */,
				B3D721321D019AA300BFEEC2 /* SettingsTableViewController.swift in Sources */,
				B390069C1CD679D700F472AC /* ActionCell.swift in Sources */,
				B39006901CD35FB800F472AC /* ScheduleCell.swift in Sources */,
				B363CFCC1CCF205700B6182D /* Unifai.swift in Sources */,
			);
			runOnlyForDeploymentPostprocessing = 0;
		};
		B363CF931CCEEBB300B6182D /* Sources */ = {
			isa = PBXSourcesBuildPhase;
			buildActionMask = 2147483647;
			files = (
				B363CF9C1CCEEBB300B6182D /* UnifaiTests.swift in Sources */,
			);
			runOnlyForDeploymentPostprocessing = 0;
		};
		B363CF9E1CCEEBB300B6182D /* Sources */ = {
			isa = PBXSourcesBuildPhase;
			buildActionMask = 2147483647;
			files = (
				B363CFA71CCEEBB300B6182D /* UnifaiUITests.swift in Sources */,
			);
			runOnlyForDeploymentPostprocessing = 0;
		};
/* End PBXSourcesBuildPhase section */

/* Begin PBXTargetDependency section */
		B363CF991CCEEBB300B6182D /* PBXTargetDependency */ = {
			isa = PBXTargetDependency;
			target = B363CF801CCEEBB300B6182D /* Unifai */;
			targetProxy = B363CF981CCEEBB300B6182D /* PBXContainerItemProxy */;
		};
		B363CFA41CCEEBB300B6182D /* PBXTargetDependency */ = {
			isa = PBXTargetDependency;
			target = B363CF801CCEEBB300B6182D /* Unifai */;
			targetProxy = B363CFA31CCEEBB300B6182D /* PBXContainerItemProxy */;
		};
/* End PBXTargetDependency section */

/* Begin PBXVariantGroup section */
		B363CF8A1CCEEBB300B6182D /* Main.storyboard */ = {
			isa = PBXVariantGroup;
			children = (
				B363CF8B1CCEEBB300B6182D /* Base */,
			);
			name = Main.storyboard;
			sourceTree = "<group>";
		};
		B363CF8F1CCEEBB300B6182D /* LaunchScreen.storyboard */ = {
			isa = PBXVariantGroup;
			children = (
				B363CF901CCEEBB300B6182D /* Base */,
			);
			name = LaunchScreen.storyboard;
			sourceTree = "<group>";
		};
		B39006AA1CD6853400F472AC /* MainInterface.storyboard */ = {
			isa = PBXVariantGroup;
			children = (
				B39006AB1CD6853400F472AC /* Base */,
			);
			name = MainInterface.storyboard;
			sourceTree = "<group>";
		};
		B3D7212A1D01987100BFEEC2 /* Settings.storyboard */ = {
			isa = PBXVariantGroup;
			children = (
				B3D7212B1D01987100BFEEC2 /* Base */,
			);
			name = Settings.storyboard;
			sourceTree = "<group>";
		};
		B3F7B0091CF93F0E00734F9B /* Feed.storyboard */ = {
			isa = PBXVariantGroup;
			children = (
				B3F7B00A1CF93F0E00734F9B /* Base */,
			);
			name = Feed.storyboard;
			sourceTree = "<group>";
		};
		B3F7B00C1CF93FA800734F9B /* Thread.storyboard */ = {
			isa = PBXVariantGroup;
			children = (
				B3F7B00D1CF93FA800734F9B /* Base */,
			);
			name = Thread.storyboard;
			sourceTree = "<group>";
		};
/* End PBXVariantGroup section */

/* Begin XCBuildConfiguration section */
		B363CFA91CCEEBB300B6182D /* Debug */ = {
			isa = XCBuildConfiguration;
			buildSettings = {
				ALWAYS_SEARCH_USER_PATHS = NO;
				CLANG_CXX_LANGUAGE_STANDARD = "gnu++0x";
				CLANG_CXX_LIBRARY = "libc++";
				CLANG_ENABLE_MODULES = YES;
				CLANG_ENABLE_OBJC_ARC = YES;
				CLANG_WARN_BOOL_CONVERSION = YES;
				CLANG_WARN_CONSTANT_CONVERSION = YES;
				CLANG_WARN_DIRECT_OBJC_ISA_USAGE = YES_ERROR;
				CLANG_WARN_EMPTY_BODY = YES;
				CLANG_WARN_ENUM_CONVERSION = YES;
				CLANG_WARN_INT_CONVERSION = YES;
				CLANG_WARN_OBJC_ROOT_CLASS = YES_ERROR;
				CLANG_WARN_UNREACHABLE_CODE = YES;
				CLANG_WARN__DUPLICATE_METHOD_MATCH = YES;
				"CODE_SIGN_IDENTITY[sdk=iphoneos*]" = "iPhone Developer";
				COPY_PHASE_STRIP = NO;
				DEBUG_INFORMATION_FORMAT = dwarf;
				ENABLE_STRICT_OBJC_MSGSEND = YES;
				ENABLE_TESTABILITY = YES;
				GCC_C_LANGUAGE_STANDARD = gnu99;
				GCC_DYNAMIC_NO_PIC = NO;
				GCC_NO_COMMON_BLOCKS = YES;
				GCC_OPTIMIZATION_LEVEL = 0;
				GCC_PREPROCESSOR_DEFINITIONS = (
					"DEBUG=1",
					"$(inherited)",
				);
				GCC_WARN_64_TO_32_BIT_CONVERSION = YES;
				GCC_WARN_ABOUT_RETURN_TYPE = YES_ERROR;
				GCC_WARN_UNDECLARED_SELECTOR = YES;
				GCC_WARN_UNINITIALIZED_AUTOS = YES_AGGRESSIVE;
				GCC_WARN_UNUSED_FUNCTION = YES;
				GCC_WARN_UNUSED_VARIABLE = YES;
				IPHONEOS_DEPLOYMENT_TARGET = 9.2;
				MTL_ENABLE_DEBUG_INFO = YES;
				ONLY_ACTIVE_ARCH = YES;
				SDKROOT = iphoneos;
				SWIFT_OPTIMIZATION_LEVEL = "-Onone";
			};
			name = Debug;
		};
		B363CFAA1CCEEBB300B6182D /* Release */ = {
			isa = XCBuildConfiguration;
			buildSettings = {
				ALWAYS_SEARCH_USER_PATHS = NO;
				CLANG_CXX_LANGUAGE_STANDARD = "gnu++0x";
				CLANG_CXX_LIBRARY = "libc++";
				CLANG_ENABLE_MODULES = YES;
				CLANG_ENABLE_OBJC_ARC = YES;
				CLANG_WARN_BOOL_CONVERSION = YES;
				CLANG_WARN_CONSTANT_CONVERSION = YES;
				CLANG_WARN_DIRECT_OBJC_ISA_USAGE = YES_ERROR;
				CLANG_WARN_EMPTY_BODY = YES;
				CLANG_WARN_ENUM_CONVERSION = YES;
				CLANG_WARN_INT_CONVERSION = YES;
				CLANG_WARN_OBJC_ROOT_CLASS = YES_ERROR;
				CLANG_WARN_UNREACHABLE_CODE = YES;
				CLANG_WARN__DUPLICATE_METHOD_MATCH = YES;
				"CODE_SIGN_IDENTITY[sdk=iphoneos*]" = "iPhone Developer";
				COPY_PHASE_STRIP = NO;
				DEBUG_INFORMATION_FORMAT = "dwarf-with-dsym";
				ENABLE_NS_ASSERTIONS = NO;
				ENABLE_STRICT_OBJC_MSGSEND = YES;
				GCC_C_LANGUAGE_STANDARD = gnu99;
				GCC_NO_COMMON_BLOCKS = YES;
				GCC_WARN_64_TO_32_BIT_CONVERSION = YES;
				GCC_WARN_ABOUT_RETURN_TYPE = YES_ERROR;
				GCC_WARN_UNDECLARED_SELECTOR = YES;
				GCC_WARN_UNINITIALIZED_AUTOS = YES_AGGRESSIVE;
				GCC_WARN_UNUSED_FUNCTION = YES;
				GCC_WARN_UNUSED_VARIABLE = YES;
				IPHONEOS_DEPLOYMENT_TARGET = 9.2;
				MTL_ENABLE_DEBUG_INFO = NO;
				SDKROOT = iphoneos;
				VALIDATE_PRODUCT = YES;
			};
			name = Release;
		};
		B363CFAC1CCEEBB300B6182D /* Debug */ = {
			isa = XCBuildConfiguration;
			baseConfigurationReference = AF737EEAD9673B524EA2C60B /* Pods-Unifai.debug.xcconfig */;
			buildSettings = {
				ASSETCATALOG_COMPILER_APPICON_NAME = AppIcon;
				EMBEDDED_CONTENT_CONTAINS_SWIFT = YES;
				INFOPLIST_FILE = Unifai/Info.plist;
				LD_RUNPATH_SEARCH_PATHS = "$(inherited) @executable_path/Frameworks";
				PRODUCT_BUNDLE_IDENTIFIER = unifai.Unifai;
				PRODUCT_NAME = Unifai;
				TARGETED_DEVICE_FAMILY = "1,2";
			};
			name = Debug;
		};
		B363CFAD1CCEEBB300B6182D /* Release */ = {
			isa = XCBuildConfiguration;
			baseConfigurationReference = 610AC2CFFAE76B26B6619070 /* Pods-Unifai.release.xcconfig */;
			buildSettings = {
				ASSETCATALOG_COMPILER_APPICON_NAME = AppIcon;
				EMBEDDED_CONTENT_CONTAINS_SWIFT = YES;
				INFOPLIST_FILE = Unifai/Info.plist;
				LD_RUNPATH_SEARCH_PATHS = "$(inherited) @executable_path/Frameworks";
				PRODUCT_BUNDLE_IDENTIFIER = unifai.Unifai;
				PRODUCT_NAME = Unifai;
				TARGETED_DEVICE_FAMILY = "1,2";
			};
			name = Release;
		};
		B363CFAF1CCEEBB300B6182D /* Debug */ = {
			isa = XCBuildConfiguration;
			buildSettings = {
				BUNDLE_LOADER = "$(TEST_HOST)";
				INFOPLIST_FILE = UnifaiTests/Info.plist;
				LD_RUNPATH_SEARCH_PATHS = "$(inherited) @executable_path/Frameworks @loader_path/Frameworks";
				PRODUCT_BUNDLE_IDENTIFIER = unifai.UnifaiTests;
				PRODUCT_NAME = "$(TARGET_NAME)";
				TEST_HOST = "$(BUILT_PRODUCTS_DIR)/Unifai.app/Unifai";
			};
			name = Debug;
		};
		B363CFB01CCEEBB300B6182D /* Release */ = {
			isa = XCBuildConfiguration;
			buildSettings = {
				BUNDLE_LOADER = "$(TEST_HOST)";
				INFOPLIST_FILE = UnifaiTests/Info.plist;
				LD_RUNPATH_SEARCH_PATHS = "$(inherited) @executable_path/Frameworks @loader_path/Frameworks";
				PRODUCT_BUNDLE_IDENTIFIER = unifai.UnifaiTests;
				PRODUCT_NAME = "$(TARGET_NAME)";
				TEST_HOST = "$(BUILT_PRODUCTS_DIR)/Unifai.app/Unifai";
			};
			name = Release;
		};
		B363CFB21CCEEBB300B6182D /* Debug */ = {
			isa = XCBuildConfiguration;
			buildSettings = {
				INFOPLIST_FILE = UnifaiUITests/Info.plist;
				LD_RUNPATH_SEARCH_PATHS = "$(inherited) @executable_path/Frameworks @loader_path/Frameworks";
				PRODUCT_BUNDLE_IDENTIFIER = unifai.UnifaiUITests;
				PRODUCT_NAME = "$(TARGET_NAME)";
				TEST_TARGET_NAME = Unifai;
				USES_XCTRUNNER = YES;
			};
			name = Debug;
		};
		B363CFB31CCEEBB300B6182D /* Release */ = {
			isa = XCBuildConfiguration;
			buildSettings = {
				INFOPLIST_FILE = UnifaiUITests/Info.plist;
				LD_RUNPATH_SEARCH_PATHS = "$(inherited) @executable_path/Frameworks @loader_path/Frameworks";
				PRODUCT_BUNDLE_IDENTIFIER = unifai.UnifaiUITests;
				PRODUCT_NAME = "$(TARGET_NAME)";
				TEST_TARGET_NAME = Unifai;
				USES_XCTRUNNER = YES;
			};
			name = Release;
		};
/* End XCBuildConfiguration section */

/* Begin XCConfigurationList section */
		B363CF7C1CCEEBB300B6182D /* Build configuration list for PBXProject "Unifai" */ = {
			isa = XCConfigurationList;
			buildConfigurations = (
				B363CFA91CCEEBB300B6182D /* Debug */,
				B363CFAA1CCEEBB300B6182D /* Release */,
			);
			defaultConfigurationIsVisible = 0;
			defaultConfigurationName = Release;
		};
		B363CFAB1CCEEBB300B6182D /* Build configuration list for PBXNativeTarget "Unifai" */ = {
			isa = XCConfigurationList;
			buildConfigurations = (
				B363CFAC1CCEEBB300B6182D /* Debug */,
				B363CFAD1CCEEBB300B6182D /* Release */,
			);
			defaultConfigurationIsVisible = 0;
			defaultConfigurationName = Release;
		};
		B363CFAE1CCEEBB300B6182D /* Build configuration list for PBXNativeTarget "UnifaiTests" */ = {
			isa = XCConfigurationList;
			buildConfigurations = (
				B363CFAF1CCEEBB300B6182D /* Debug */,
				B363CFB01CCEEBB300B6182D /* Release */,
			);
			defaultConfigurationIsVisible = 0;
			defaultConfigurationName = Release;
		};
		B363CFB11CCEEBB300B6182D /* Build configuration list for PBXNativeTarget "UnifaiUITests" */ = {
			isa = XCConfigurationList;
			buildConfigurations = (
				B363CFB21CCEEBB300B6182D /* Debug */,
				B363CFB31CCEEBB300B6182D /* Release */,
			);
			defaultConfigurationIsVisible = 0;
			defaultConfigurationName = Release;
		};
/* End XCConfigurationList section */
	};
	rootObject = B363CF791CCEEBB300B6182D /* Project object */;
}
